
Microsoft Visual Studio Solution File, Format Version 12.00
# Visual Studio Version 17
VisualStudioVersion = 17.14.36930.0 d17.14
MinimumVisualStudioVersion = 10.0.40219.1
Project("{FAE04EC0-301F-11D3-BF4B-00C04F79EFBC}") = "Wallet_Recharge_System", "Wallet_Recharge_System\Wallet_Recharge_System.csproj", "{3423B333-7520-4BBE-AA09-E4B75B5CE456}"
EndProject
Global
	GlobalSection(SolutionConfigurationPlatforms) = preSolution
		Debug|Any CPU = Debug|Any CPU
		Release|Any CPU = Release|Any CPU
	EndGlobalSection
	GlobalSection(ProjectConfigurationPlatforms) = postSolution
		{3423B333-7520-4BBE-AA09-E4B75B5CE456}.Debug|Any CPU.ActiveCfg = Debug|Any CPU
		{3423B333-7520-4BBE-AA09-E4B75B5CE456}.Debug|Any CPU.Build.0 = Debug|Any CPU
		{3423B333-7520-4BBE-AA09-E4B75B5CE456}.Release|Any CPU.ActiveCfg = Release|Any CPU
		{3423B333-7520-4BBE-AA09-E4B75B5CE456}.Release|Any CPU.Build.0 = Release|Any CPU
	EndGlobalSection
	GlobalSection(SolutionProperties) = preSolution
		HideSolutionNode = FALSE
	EndGlobalSection
	GlobalSection(ExtensibilityGlobals) = postSolution
		SolutionGuid = {D25A93D5-CCDA-4CE5-AF2D-A2393C361B31}
	EndGlobalSection
EndGlobal
